
Microsoft Visual Studio Solution File, Format Version 12.00
Project("{FAE04EC0-301F-11D3-BF4B-00C04F79EFBC}") = "AutoTester", "AutoTester\AutoTester.csproj", "{F579D39E-E5EE-4029-A6AC-453CE0BED65A}"
EndProject
Project("{FAE04EC0-301F-11D3-BF4B-00C04F79EFBC}") = "AutoTesterTestSuite", "AutoTesterTestSuite\AutoTesterTestSuite.csproj", "{8E57D02E-CC72-4A2A-86FA-D5893CA61F5F}"
EndProject
Global
	GlobalSection(SolutionConfigurationPlatforms) = preSolution
		Debug|Any CPU = Debug|Any CPU
		Release|Any CPU = Release|Any CPU
	EndGlobalSection
	GlobalSection(ProjectConfigurationPlatforms) = postSolution
		{F579D39E-E5EE-4029-A6AC-453CE0BED65A}.Debug|Any CPU.ActiveCfg = Debug|Any CPU
		{F579D39E-E5EE-4029-A6AC-453CE0BED65A}.Debug|Any CPU.Build.0 = Debug|Any CPU
		{F579D39E-E5EE-4029-A6AC-453CE0BED65A}.Release|Any CPU.ActiveCfg = Release|Any CPU
		{F579D39E-E5EE-4029-A6AC-453CE0BED65A}.Release|Any CPU.Build.0 = Release|Any CPU
		{8E57D02E-CC72-4A2A-86FA-D5893CA61F5F}.Debug|Any CPU.ActiveCfg = Debug|Any CPU
		{8E57D02E-CC72-4A2A-86FA-D5893CA61F5F}.Debug|Any CPU.Build.0 = Debug|Any CPU
		{8E57D02E-CC72-4A2A-86FA-D5893CA61F5F}.Release|Any CPU.ActiveCfg = Release|Any CPU
		{8E57D02E-CC72-4A2A-86FA-D5893CA61F5F}.Release|Any CPU.Build.0 = Release|Any CPU
	EndGlobalSection
EndGlobal
